{
  "name": "fixture-compatibility",
  "version": "1.0.0",
  "lockfileVersion": 3,
  "requires": true,
  "packages": {
    "": {
      "name": "fixture-compatibility",
      "version": "1.0.0",
      "dependencies": {
        "fixture-addon": "file:vendor/addon-v1",
        "fixture-engine": "file:vendor/engine-v1"
      },
      "engines": {
        "node": ">=20 <23"
      }
    },
    "node_modules/fixture-addon": {
      "resolved": "vendor/addon-v1",
      "link": true
    },
    "node_modules/fixture-engine": {
      "resolved": "vendor/engine-v1",
      "link": true
    },
    "vendor/addon-v1": {
      "name": "fixture-addon",
      "version": "1.0.0",
      "engines": {
        "node": ">=20"
      },
      "peerDependencies": {
        "fixture-engine": "^1.0.0"
      }
    },
    "vendor/engine-v1": {
      "name": "fixture-engine",
      "version": "1.0.0",
      "engines": {
        "node": ">=20"
      }
    }
  }
}
