{
  "name": "dynamic-plugin-fixture",
  "version": "1.0.0",
  "lockfileVersion": 3,
  "requires": true,
  "packages": {
    "": {
      "name": "dynamic-plugin-fixture",
      "version": "1.0.0",
      "dependencies": {
        "fixture-plugin-upper": "file:vendor/plugin-upper",
        "fixture-unused": "file:vendor/unused"
      }
    },
    "node_modules/fixture-plugin-upper": {
      "resolved": "vendor/plugin-upper",
      "link": true
    },
    "node_modules/fixture-unused": {
      "resolved": "vendor/unused",
      "link": true
    },
    "vendor/plugin-upper": {
      "name": "fixture-plugin-upper",
      "version": "1.0.0"
    },
    "vendor/unused": {
      "name": "fixture-unused",
      "version": "1.0.0"
    }
  }
}
