{
  "name": "limited-update-fixture",
  "version": "1.0.0",
  "lockfileVersion": 3,
  "requires": true,
  "packages": {
    "": {
      "name": "limited-update-fixture",
      "version": "1.0.0",
      "dependencies": {
        "fixture-formatter": "file:vendor/formatter-v1",
        "fixture-helper": "file:vendor/helper-v1"
      }
    },
    "node_modules/fixture-formatter": {
      "resolved": "vendor/formatter-v1",
      "link": true
    },
    "node_modules/fixture-helper": {
      "resolved": "vendor/helper-v1",
      "link": true
    },
    "vendor/formatter-v1": {
      "name": "fixture-formatter",
      "version": "1.0.0",
      "engines": {
        "node": ">=18"
      }
    },
    "vendor/helper-v1": {
      "name": "fixture-helper",
      "version": "1.0.0",
      "engines": {
        "node": ">=18"
      }
    }
  }
}
